
Microsoft Visual Studio Solution File, Format Version 12.00
# Visual Studio 15
VisualStudioVersion = 15.0.28307.136
MinimumVisualStudioVersion = 10.0.40219.1
Project("{8BC9CEB8-8B4A-11D0-8D11-00A0C91BC942}") = "Project1", "Project1\Project1.vcxproj", "{816E75D9-A0A0-4652-BC65-845CCFB2FFCB}"
EndProject
Global
	GlobalSection(SolutionConfigurationPlatforms) = preSolution
		Debug|x64 = Debug|x64
		Debug|x86 = Debug|x86
		Release|x64 = Release|x64
		Release|x86 = Release|x86
	EndGlobalSection
	GlobalSection(ProjectConfigurationPlatforms) = postSolution
		{816E75D9-A0A0-4652-BC65-845CCFB2FFCB}.Debug|x64.ActiveCfg = Debug|x64
		{816E75D9-A0A0-4652-BC65-845CCFB2FFCB}.Debug|x64.Build.0 = Debug|x64
		{816E75D9-A0A0-4652-BC65-845CCFB2FFCB}.Debug|x86.ActiveCfg = Debug|Win32
		{816E75D9-A0A0-4652-BC65-845CCFB2FFCB}.Debug|x86.Build.0 = Debug|Win32
		{816E75D9-A0A0-4652-BC65-845CCFB2FFCB}.Release|x64.ActiveCfg = Release|x64
		{816E75D9-A0A0-4652-BC65-845CCFB2FFCB}.Release|x64.Build.0 = Release|x64
		{816E75D9-A0A0-4652-BC65-845CCFB2FFCB}.Release|x86.ActiveCfg = Release|Win32
		{816E75D9-A0A0-4652-BC65-845CCFB2FFCB}.Release|x86.Build.0 = Release|Win32
	EndGlobalSection
	GlobalSection(SolutionProperties) = preSolution
		HideSolutionNode = FALSE
	EndGlobalSection
	GlobalSection(ExtensibilityGlobals) = postSolution
		SolutionGuid = {E2C45EDD-BEDC-4BAE-9095-72ADE5697BEA}
	EndGlobalSection
EndGlobal
